
Microsoft Visual Studio Solution File, Format Version 12.00
# Visual Studio Version 17
VisualStudioVersion = 17.8.34408.163
MinimumVisualStudioVersion = 10.0.40219.1
Project("{FAE04EC0-301F-11D3-BF4B-00C04F79EFBC}") = "exercicio9", "exercicio9\exercicio9.csproj", "{79718368-3F79-408A-ADDE-36563E1825C5}"
EndProject
Global
	GlobalSection(SolutionConfigurationPlatforms) = preSolution
		Debug|Any CPU = Debug|Any CPU
		Release|Any CPU = Release|Any CPU
	EndGlobalSection
	GlobalSection(ProjectConfigurationPlatforms) = postSolution
		{79718368-3F79-408A-ADDE-36563E1825C5}.Debug|Any CPU.ActiveCfg = Debug|Any CPU
		{79718368-3F79-408A-ADDE-36563E1825C5}.Debug|Any CPU.Build.0 = Debug|Any CPU
		{79718368-3F79-408A-ADDE-36563E1825C5}.Release|Any CPU.ActiveCfg = Release|Any CPU
		{79718368-3F79-408A-ADDE-36563E1825C5}.Release|Any CPU.Build.0 = Release|Any CPU
	EndGlobalSection
	GlobalSection(SolutionProperties) = preSolution
		HideSolutionNode = FALSE
	EndGlobalSection
	GlobalSection(ExtensibilityGlobals) = postSolution
		SolutionGuid = {833892EC-2791-46AF-AA66-678C2EA9607B}
	EndGlobalSection
EndGlobal
